<?xml version="1.0" encoding="utf-8"?>
<Project ToolsVersion="4.0" xmlns="http://schemas.microsoft.com/developer/msbuild/2003">
  <ItemGroup>
    <Filter Include="Source Files">
      <UniqueIdentifier>{4FC737F1-C7A5-4376-A066-2A32D752A2FF}</UniqueIdentifier>
      <Extensions>cpp;c;cc;cxx;c++;def;odl;idl;hpj;bat;asm;asmx</Extensions>
    </Filter>
    <Filter Include="Header Files">
      <UniqueIdentifier>{93995380-89BD-4b04-88EB-625FBE52EBFB}</UniqueIdentifier>
      <Extensions>h;hh;hpp;hxx;h++;hm;inl;inc;ipp;xsd</Extensions>
    </Filter>
    <Filter Include="Resource Files">
      <UniqueIdentifier>{67DA6AB6-F800-4c08-8B7A-83BB121AAD01}</UniqueIdentifier>
      <Extensions>rc;ico;cur;bmp;dlg;rc2;rct;bin;rgs;gif;jpg;jpeg;jpe;resx;tiff;tif;png;wav;mfcribbon-ms</Extensions>
    </Filter>
  </ItemGroup>
  <ItemGroup>
    <ClInclude Include="Account.h">
      <Filter>Header Files</Filter>
    </ClInclude>
    <ClInclude Include="PersonalAccount.h">
      <Filter>Header Files</Filter>
    </ClInclude>
    <ClInclude Include="BusinessAccount.h">
      <Filter>Header Files</Filter>
    </ClInclude>
    <ClInclude Include="Transaction.h">
      <Filter>Header Files</Filter>
    </ClInclude>
    <ClInclude Include="PersonalMoneyMarket.h">
      <Filter>Header Files</Filter>
    </ClInclude>
    <ClInclude Include="BA_checking.h">
      <Filter>Header Files</Filter>
    </ClInclude>
    <ClInclude Include="BA_savings.h">
      <Filter>Header Files</Filter>
    </ClInclude>
    <ClInclude Include="CAPersonal.h">
      <Filter>Header Files</Filter>
    </ClInclude>
    <ClInclude Include="FCABusiness.h">
      <Filter>Header Files</Filter>
    </ClInclude>
    <ClInclude Include="HVCABusiness.h">
      <Filter>Header Files</Filter>
    </ClInclude>
    <ClInclude Include="SAPersonal.h">
      <Filter>Header Files</Filter>
    </ClInclude>
    <ClInclude Include="PersonalCD.h">
      <Filter>Header Files</Filter>
    </ClInclude>
    <ClInclude Include="StatisticsKeeper.h">
      <Filter>Header Files</Filter>
    </ClInclude>
    <ClInclude Include="TrafficGenerator.h">
      <Filter>Header Files</Filter>
    </ClInclude>
    <ClInclude Include="Customer.h">
      <Filter>Header Files</Filter>
    </ClInclude>
    <ClInclude Include="Bank.h">
      <Filter>Header Files</Filter>
    </ClInclude>
    <ClInclude Include="SystemController.h">
      <Filter>Header Files</Filter>
    </ClInclude>
    <ClInclude Include="Partition.h">
      <Filter>Header Files</Filter>
    </ClInclude>
    <ClInclude Include="Timingwheel.h">
      <Filter>Header Files</Filter>
    </ClInclude>
    <ClInclude Include="ATM.h">
      <Filter>Header Files</Filter>
    </ClInclude>
  </ItemGroup>
  <ItemGroup>
    <ClCompile Include="Account.cpp">
      <Filter>Source Files</Filter>
    </ClCompile>
    <ClCompile Include="Transaction.cpp">
      <Filter>Source Files</Filter>
    </ClCompile>
    <ClCompile Include="PersonalAccount.cpp">
      <Filter>Source Files</Filter>
    </ClCompile>
    <ClCompile Include="PersonalMoneyMarket.cpp">
      <Filter>Source Files</Filter>
    </ClCompile>
    <ClCompile Include="BA_checking.cpp">
      <Filter>Source Files</Filter>
    </ClCompile>
    <ClCompile Include="BA_savings.cpp">
      <Filter>Source Files</Filter>
    </ClCompile>
    <ClCompile Include="BusinessAccount.cpp">
      <Filter>Source Files</Filter>
    </ClCompile>
    <ClCompile Include="CAPersonal.cpp">
      <Filter>Source Files</Filter>
    </ClCompile>
    <ClCompile Include="Driver.cpp">
      <Filter>Source Files</Filter>
    </ClCompile>
    <ClCompile Include="FCABusiness.cpp">
      <Filter>Source Files</Filter>
    </ClCompile>
    <ClCompile Include="HVCABusiness.cpp">
      <Filter>Source Files</Filter>
    </ClCompile>
    <ClCompile Include="SAPersonal.cpp">
      <Filter>Source Files</Filter>
    </ClCompile>
    <ClCompile Include="PersonalCD.cpp">
      <Filter>Source Files</Filter>
    </ClCompile>
    <ClCompile Include="TrafficGenerator.cpp">
      <Filter>Source Files</Filter>
    </ClCompile>
    <ClCompile Include="Customer.cpp">
      <Filter>Source Files</Filter>
    </ClCompile>
    <ClCompile Include="Bank.cpp">
      <Filter>Source Files</Filter>
    </ClCompile>
    <ClCompile Include="StatisticsKeeper.cpp">
      <Filter>Source Files</Filter>
    </ClCompile>
    <ClCompile Include="SystemController.cpp">
      <Filter>Source Files</Filter>
    </ClCompile>
    <ClCompile Include="Partition.cpp">
      <Filter>Source Files</Filter>
    </ClCompile>
    <ClCompile Include="Timingwheel.cpp">
      <Filter>Source Files</Filter>
    </ClCompile>
    <ClCompile Include="ATM.cpp">
      <Filter>Source Files</Filter>
    </ClCompile>
  </ItemGroup>
  <ItemGroup>
    <Text Include="traffic.txt">
      <Filter>Resource Files</Filter>
    </Text>
  </ItemGroup>
</Project>